
Microsoft Visual Studio Solution File, Format Version 12.00
# Visual Studio 15
VisualStudioVersion = 15.0.28307.1082
MinimumVisualStudioVersion = 10.0.40219.1
Project("{FAE04EC0-301F-11D3-BF4B-00C04F79EFBC}") = "Ung Dung moi", "Ung Dung moi\Ung Dung moi.csproj", "{BE310C7B-8232-4AB3-8110-BF715C0451FA}"
EndProject
Global
	GlobalSection(SolutionConfigurationPlatforms) = preSolution
		Debug|Any CPU = Debug|Any CPU
		Release|Any CPU = Release|Any CPU
	EndGlobalSection
	GlobalSection(ProjectConfigurationPlatforms) = postSolution
		{BE310C7B-8232-4AB3-8110-BF715C0451FA}.Debug|Any CPU.ActiveCfg = Debug|Any CPU
		{BE310C7B-8232-4AB3-8110-BF715C0451FA}.Debug|Any CPU.Build.0 = Debug|Any CPU
		{BE310C7B-8232-4AB3-8110-BF715C0451FA}.Release|Any CPU.ActiveCfg = Release|Any CPU
		{BE310C7B-8232-4AB3-8110-BF715C0451FA}.Release|Any CPU.Build.0 = Release|Any CPU
	EndGlobalSection
	GlobalSection(SolutionProperties) = preSolution
		HideSolutionNode = FALSE
	EndGlobalSection
	GlobalSection(ExtensibilityGlobals) = postSolution
		SolutionGuid = {571D0230-D646-46DB-B51E-3512A17FF504}
	EndGlobalSection
EndGlobal
